
Microsoft Visual Studio Solution File, Format Version 12.00
# Visual Studio Version 16
VisualStudioVersion = 16.6.30114.105
MinimumVisualStudioVersion = 10.0.40219.1
Project("{2150E333-8FDC-42A3-9474-1A3956D46DE8}") = "AJP", "AJP", "{E18DE22A-68D9-4CF2-87F8-EB3EF5E2BC1C}"
EndProject
Project("{FAE04EC0-301F-11D3-BF4B-00C04F79EFBC}") = "api1", "AJP\api1\api1.csproj", "{3E05A6B8-4E89-4AC6-BEB0-46E74CCCE562}"
EndProject
Project("{FAE04EC0-301F-11D3-BF4B-00C04F79EFBC}") = "test", "AJP\test\test.csproj", "{C8AD9079-B117-433E-A015-6E31ED673DC4}"
EndProject
Project("{FAE04EC0-301F-11D3-BF4B-00C04F79EFBC}") = "calc", "AJP\calc\calc.csproj", "{4A27CD1A-7333-4293-ACF2-02AA1D38DA55}"
EndProject
Project("{2150E333-8FDC-42A3-9474-1A3956D46DE8}") = "Baza1", "Baza1", "{39EDC658-BB59-4AE9-8A9E-C023A09D3281}"
EndProject
Project("{FAE04EC0-301F-11D3-BF4B-00C04F79EFBC}") = "BazaTestLudziki", "AJP\Baza1\BazaTestLudziki\BazaTestLudziki.csproj", "{3E3FA7F1-AEDD-4B84-A1E6-E13ACA3850AA}"
EndProject
Project("{FAE04EC0-301F-11D3-BF4B-00C04F79EFBC}") = "BazaTest1", "AJP\Baza1\BazaTest1\BazaTest1.csproj", "{5EBAB418-846D-4427-B4C5-ABE1CF0FAD85}"
EndProject
Global
	GlobalSection(SolutionConfigurationPlatforms) = preSolution
		Debug|Any CPU = Debug|Any CPU
		Debug|x64 = Debug|x64
		Debug|x86 = Debug|x86
		Release|Any CPU = Release|Any CPU
		Release|x64 = Release|x64
		Release|x86 = Release|x86
	EndGlobalSection
	GlobalSection(SolutionProperties) = preSolution
		HideSolutionNode = FALSE
	EndGlobalSection
	GlobalSection(ProjectConfigurationPlatforms) = postSolution
		{3E05A6B8-4E89-4AC6-BEB0-46E74CCCE562}.Debug|Any CPU.ActiveCfg = Debug|Any CPU
		{3E05A6B8-4E89-4AC6-BEB0-46E74CCCE562}.Debug|Any CPU.Build.0 = Debug|Any CPU
		{3E05A6B8-4E89-4AC6-BEB0-46E74CCCE562}.Debug|x64.ActiveCfg = Debug|Any CPU
		{3E05A6B8-4E89-4AC6-BEB0-46E74CCCE562}.Debug|x64.Build.0 = Debug|Any CPU
		{3E05A6B8-4E89-4AC6-BEB0-46E74CCCE562}.Debug|x86.ActiveCfg = Debug|Any CPU
		{3E05A6B8-4E89-4AC6-BEB0-46E74CCCE562}.Debug|x86.Build.0 = Debug|Any CPU
		{3E05A6B8-4E89-4AC6-BEB0-46E74CCCE562}.Release|Any CPU.ActiveCfg = Release|Any CPU
		{3E05A6B8-4E89-4AC6-BEB0-46E74CCCE562}.Release|Any CPU.Build.0 = Release|Any CPU
		{3E05A6B8-4E89-4AC6-BEB0-46E74CCCE562}.Release|x64.ActiveCfg = Release|Any CPU
		{3E05A6B8-4E89-4AC6-BEB0-46E74CCCE562}.Release|x64.Build.0 = Release|Any CPU
		{3E05A6B8-4E89-4AC6-BEB0-46E74CCCE562}.Release|x86.ActiveCfg = Release|Any CPU
		{3E05A6B8-4E89-4AC6-BEB0-46E74CCCE562}.Release|x86.Build.0 = Release|Any CPU
		{C8AD9079-B117-433E-A015-6E31ED673DC4}.Debug|Any CPU.ActiveCfg = Debug|Any CPU
		{C8AD9079-B117-433E-A015-6E31ED673DC4}.Debug|Any CPU.Build.0 = Debug|Any CPU
		{C8AD9079-B117-433E-A015-6E31ED673DC4}.Debug|x64.ActiveCfg = Debug|Any CPU
		{C8AD9079-B117-433E-A015-6E31ED673DC4}.Debug|x64.Build.0 = Debug|Any CPU
		{C8AD9079-B117-433E-A015-6E31ED673DC4}.Debug|x86.ActiveCfg = Debug|Any CPU
		{C8AD9079-B117-433E-A015-6E31ED673DC4}.Debug|x86.Build.0 = Debug|Any CPU
		{C8AD9079-B117-433E-A015-6E31ED673DC4}.Release|Any CPU.ActiveCfg = Release|Any CPU
		{C8AD9079-B117-433E-A015-6E31ED673DC4}.Release|Any CPU.Build.0 = Release|Any CPU
		{C8AD9079-B117-433E-A015-6E31ED673DC4}.Release|x64.ActiveCfg = Release|Any CPU
		{C8AD9079-B117-433E-A015-6E31ED673DC4}.Release|x64.Build.0 = Release|Any CPU
		{C8AD9079-B117-433E-A015-6E31ED673DC4}.Release|x86.ActiveCfg = Release|Any CPU
		{C8AD9079-B117-433E-A015-6E31ED673DC4}.Release|x86.Build.0 = Release|Any CPU
		{4A27CD1A-7333-4293-ACF2-02AA1D38DA55}.Debug|Any CPU.ActiveCfg = Debug|Any CPU
		{4A27CD1A-7333-4293-ACF2-02AA1D38DA55}.Debug|Any CPU.Build.0 = Debug|Any CPU
		{4A27CD1A-7333-4293-ACF2-02AA1D38DA55}.Debug|x64.ActiveCfg = Debug|Any CPU
		{4A27CD1A-7333-4293-ACF2-02AA1D38DA55}.Debug|x64.Build.0 = Debug|Any CPU
		{4A27CD1A-7333-4293-ACF2-02AA1D38DA55}.Debug|x86.ActiveCfg = Debug|Any CPU
		{4A27CD1A-7333-4293-ACF2-02AA1D38DA55}.Debug|x86.Build.0 = Debug|Any CPU
		{4A27CD1A-7333-4293-ACF2-02AA1D38DA55}.Release|Any CPU.ActiveCfg = Release|Any CPU
		{4A27CD1A-7333-4293-ACF2-02AA1D38DA55}.Release|Any CPU.Build.0 = Release|Any CPU
		{4A27CD1A-7333-4293-ACF2-02AA1D38DA55}.Release|x64.ActiveCfg = Release|Any CPU
		{4A27CD1A-7333-4293-ACF2-02AA1D38DA55}.Release|x64.Build.0 = Release|Any CPU
		{4A27CD1A-7333-4293-ACF2-02AA1D38DA55}.Release|x86.ActiveCfg = Release|Any CPU
		{4A27CD1A-7333-4293-ACF2-02AA1D38DA55}.Release|x86.Build.0 = Release|Any CPU
		{3E3FA7F1-AEDD-4B84-A1E6-E13ACA3850AA}.Debug|Any CPU.ActiveCfg = Debug|Any CPU
		{3E3FA7F1-AEDD-4B84-A1E6-E13ACA3850AA}.Debug|Any CPU.Build.0 = Debug|Any CPU
		{3E3FA7F1-AEDD-4B84-A1E6-E13ACA3850AA}.Debug|x64.ActiveCfg = Debug|Any CPU
		{3E3FA7F1-AEDD-4B84-A1E6-E13ACA3850AA}.Debug|x64.Build.0 = Debug|Any CPU
		{3E3FA7F1-AEDD-4B84-A1E6-E13ACA3850AA}.Debug|x86.ActiveCfg = Debug|Any CPU
		{3E3FA7F1-AEDD-4B84-A1E6-E13ACA3850AA}.Debug|x86.Build.0 = Debug|Any CPU
		{3E3FA7F1-AEDD-4B84-A1E6-E13ACA3850AA}.Release|Any CPU.ActiveCfg = Release|Any CPU
		{3E3FA7F1-AEDD-4B84-A1E6-E13ACA3850AA}.Release|Any CPU.Build.0 = Release|Any CPU
		{3E3FA7F1-AEDD-4B84-A1E6-E13ACA3850AA}.Release|x64.ActiveCfg = Release|Any CPU
		{3E3FA7F1-AEDD-4B84-A1E6-E13ACA3850AA}.Release|x64.Build.0 = Release|Any CPU
		{3E3FA7F1-AEDD-4B84-A1E6-E13ACA3850AA}.Release|x86.ActiveCfg = Release|Any CPU
		{3E3FA7F1-AEDD-4B84-A1E6-E13ACA3850AA}.Release|x86.Build.0 = Release|Any CPU
		{5EBAB418-846D-4427-B4C5-ABE1CF0FAD85}.Debug|Any CPU.ActiveCfg = Debug|Any CPU
		{5EBAB418-846D-4427-B4C5-ABE1CF0FAD85}.Debug|Any CPU.Build.0 = Debug|Any CPU
		{5EBAB418-846D-4427-B4C5-ABE1CF0FAD85}.Debug|x64.ActiveCfg = Debug|Any CPU
		{5EBAB418-846D-4427-B4C5-ABE1CF0FAD85}.Debug|x64.Build.0 = Debug|Any CPU
		{5EBAB418-846D-4427-B4C5-ABE1CF0FAD85}.Debug|x86.ActiveCfg = Debug|Any CPU
		{5EBAB418-846D-4427-B4C5-ABE1CF0FAD85}.Debug|x86.Build.0 = Debug|Any CPU
		{5EBAB418-846D-4427-B4C5-ABE1CF0FAD85}.Release|Any CPU.ActiveCfg = Release|Any CPU
		{5EBAB418-846D-4427-B4C5-ABE1CF0FAD85}.Release|Any CPU.Build.0 = Release|Any CPU
		{5EBAB418-846D-4427-B4C5-ABE1CF0FAD85}.Release|x64.ActiveCfg = Release|Any CPU
		{5EBAB418-846D-4427-B4C5-ABE1CF0FAD85}.Release|x64.Build.0 = Release|Any CPU
		{5EBAB418-846D-4427-B4C5-ABE1CF0FAD85}.Release|x86.ActiveCfg = Release|Any CPU
		{5EBAB418-846D-4427-B4C5-ABE1CF0FAD85}.Release|x86.Build.0 = Release|Any CPU
	EndGlobalSection
	GlobalSection(NestedProjects) = preSolution
		{3E05A6B8-4E89-4AC6-BEB0-46E74CCCE562} = {E18DE22A-68D9-4CF2-87F8-EB3EF5E2BC1C}
		{C8AD9079-B117-433E-A015-6E31ED673DC4} = {E18DE22A-68D9-4CF2-87F8-EB3EF5E2BC1C}
		{4A27CD1A-7333-4293-ACF2-02AA1D38DA55} = {E18DE22A-68D9-4CF2-87F8-EB3EF5E2BC1C}
		{39EDC658-BB59-4AE9-8A9E-C023A09D3281} = {E18DE22A-68D9-4CF2-87F8-EB3EF5E2BC1C}
		{3E3FA7F1-AEDD-4B84-A1E6-E13ACA3850AA} = {39EDC658-BB59-4AE9-8A9E-C023A09D3281}
		{5EBAB418-846D-4427-B4C5-ABE1CF0FAD85} = {39EDC658-BB59-4AE9-8A9E-C023A09D3281}
	EndGlobalSection
EndGlobal
